PODS:
  - EasyReactSwift (0.0.1)
  - Nimble (7.3.1)

DEPENDENCIES:
  - EasyReactSwift (from `./`)
  - Nimble (~> 7.3.1)

SPEC REPOS:
  https://github.com/cocoapods/specs.git:
    - Nimble

EXTERNAL SOURCES:
  EasyReactSwift:
    :path: "./"

SPEC CHECKSUMS:
  EasyReactSwift: 1c421edfc192673db6b87d7c82e80da7d7149c04
  Nimble: 04f732da099ea4d153122aec8c2a88fd0c7219ae

PODFILE CHECKSUM: 37a19997184f391252bb81631018974a7f7dc8f3

COCOAPODS: 1.6.0.beta.2
