PODS:
  - EasyReactSwift (0.0.1)
  - Nimble (7.3.1)

DEPENDENCIES:
  - EasyReactSwift (from `./`)
  - Nimble (~> 7.3.1)

SPEC REPOS:
  https://github.com/cocoapods/specs.git:
    - Nimble

EXTERNAL SOURCES:
  EasyReactSwift:
    :path: "./"

SPEC CHECKSUMS:
  EasyReactSwift: ca9794ba9de1b979d7a96aeb13d40f32407d6fa9
  Nimble: 04f732da099ea4d153122aec8c2a88fd0c7219ae

PODFILE CHECKSUM: db024dd6d7758dfcfabee93cecd143d817f39fbe

COCOAPODS: 1.6.0.beta.2
